
Microsoft Visual Studio Solution File, Format Version 12.00
# Visual Studio Version 16
VisualStudioVersion = 16.0.30320.27
MinimumVisualStudioVersion = 10.0.40219.1
Project("{2150E333-8FDC-42A3-9474-1A3956D46DE8}") = "20200722", "20200722", "{E3F8B72C-A349-46D2-B225-29168BAC2D77}"
EndProject
Project("{FAE04EC0-301F-11D3-BF4B-00C04F79EFBC}") = "HelloWorld.Terminal", "20200722\HelloWorld.Terminal\HelloWorld.Terminal.csproj", "{1A1EBB20-DB55-4D25-8F8D-5B16971E055B}"
EndProject
Project("{9A19103F-16F7-4668-BE54-9A1E7A4F7556}") = "HelloWorld.TerminalCore", "20200722\HelloWorld.TerminalCore\HelloWorld.TerminalCore.csproj", "{A648036E-CE71-4E90-90EB-4963A77DD891}"
EndProject
Project("{FAE04EC0-301F-11D3-BF4B-00C04F79EFBC}") = "HelloWorld.UWP", "20200722\HelloWorld.UWP\HelloWorld.UWP.csproj", "{2DB43179-D853-414A-8080-4CA87ECCBF6E}"
EndProject
Project("{9A19103F-16F7-4668-BE54-9A1E7A4F7556}") = "HelloWorld.Web", "20200722\HelloWorld.Web\HelloWorld.Web.csproj", "{D95869C2-F9E8-4FC5-B1D2-6D983B2D3912}"
EndProject
Project("{9A19103F-16F7-4668-BE54-9A1E7A4F7556}") = "HelloWorld.WebMVC", "20200722\HelloWorld.WebMVC\HelloWorld.WebMVC.csproj", "{AF48BA6E-1A8F-4B9D-B35B-91BD477E54DE}"
EndProject
Project("{9A19103F-16F7-4668-BE54-9A1E7A4F7556}") = "HelloWorld.WinForm", "20200722\HelloWorld.WinForm\HelloWorld.WinForm.csproj", "{048BB8D9-5A28-4573-920C-2C5F463CE913}"
EndProject
Project("{9A19103F-16F7-4668-BE54-9A1E7A4F7556}") = "HelloWorld.WPF", "20200722\HelloWorld.WPF\HelloWorld.WPF.csproj", "{371B1A70-3DE5-417B-8746-5C1EEEAA4392}"
EndProject
Project("{2150E333-8FDC-42A3-9474-1A3956D46DE8}") = "20200723", "20200723", "{EF46684B-BF74-4883-8901-86D8660E9BF9}"
EndProject
Project("{9A19103F-16F7-4668-BE54-9A1E7A4F7556}") = "Tools", "20200723\Tools\Tools.csproj", "{770AA162-E2AC-44C1-B7D9-8354F877FF1F}"
EndProject
Global
	GlobalSection(SolutionConfigurationPlatforms) = preSolution
		Debug|Any CPU = Debug|Any CPU
		Debug|ARM = Debug|ARM
		Debug|ARM64 = Debug|ARM64
		Debug|x64 = Debug|x64
		Debug|x86 = Debug|x86
		Release|Any CPU = Release|Any CPU
		Release|ARM = Release|ARM
		Release|ARM64 = Release|ARM64
		Release|x64 = Release|x64
		Release|x86 = Release|x86
	EndGlobalSection
	GlobalSection(ProjectConfigurationPlatforms) = postSolution
		{1A1EBB20-DB55-4D25-8F8D-5B16971E055B}.Debug|Any CPU.ActiveCfg = Debug|Any CPU
		{1A1EBB20-DB55-4D25-8F8D-5B16971E055B}.Debug|Any CPU.Build.0 = Debug|Any CPU
		{1A1EBB20-DB55-4D25-8F8D-5B16971E055B}.Debug|ARM.ActiveCfg = Debug|Any CPU
		{1A1EBB20-DB55-4D25-8F8D-5B16971E055B}.Debug|ARM.Build.0 = Debug|Any CPU
		{1A1EBB20-DB55-4D25-8F8D-5B16971E055B}.Debug|ARM64.ActiveCfg = Debug|Any CPU
		{1A1EBB20-DB55-4D25-8F8D-5B16971E055B}.Debug|ARM64.Build.0 = Debug|Any CPU
		{1A1EBB20-DB55-4D25-8F8D-5B16971E055B}.Debug|x64.ActiveCfg = Debug|Any CPU
		{1A1EBB20-DB55-4D25-8F8D-5B16971E055B}.Debug|x64.Build.0 = Debug|Any CPU
		{1A1EBB20-DB55-4D25-8F8D-5B16971E055B}.Debug|x86.ActiveCfg = Debug|Any CPU
		{1A1EBB20-DB55-4D25-8F8D-5B16971E055B}.Debug|x86.Build.0 = Debug|Any CPU
		{1A1EBB20-DB55-4D25-8F8D-5B16971E055B}.Release|Any CPU.ActiveCfg = Release|Any CPU
		{1A1EBB20-DB55-4D25-8F8D-5B16971E055B}.Release|Any CPU.Build.0 = Release|Any CPU
		{1A1EBB20-DB55-4D25-8F8D-5B16971E055B}.Release|ARM.ActiveCfg = Release|Any CPU
		{1A1EBB20-DB55-4D25-8F8D-5B16971E055B}.Release|ARM.Build.0 = Release|Any CPU
		{1A1EBB20-DB55-4D25-8F8D-5B16971E055B}.Release|ARM64.ActiveCfg = Release|Any CPU
		{1A1EBB20-DB55-4D25-8F8D-5B16971E055B}.Release|ARM64.Build.0 = Release|Any CPU
		{1A1EBB20-DB55-4D25-8F8D-5B16971E055B}.Release|x64.ActiveCfg = Release|Any CPU
		{1A1EBB20-DB55-4D25-8F8D-5B16971E055B}.Release|x64.Build.0 = Release|Any CPU
		{1A1EBB20-DB55-4D25-8F8D-5B16971E055B}.Release|x86.ActiveCfg = Release|Any CPU
		{1A1EBB20-DB55-4D25-8F8D-5B16971E055B}.Release|x86.Build.0 = Release|Any CPU
		{A648036E-CE71-4E90-90EB-4963A77DD891}.Debug|Any CPU.ActiveCfg = Debug|Any CPU
		{A648036E-CE71-4E90-90EB-4963A77DD891}.Debug|Any CPU.Build.0 = Debug|Any CPU
		{A648036E-CE71-4E90-90EB-4963A77DD891}.Debug|ARM.ActiveCfg = Debug|Any CPU
		{A648036E-CE71-4E90-90EB-4963A77DD891}.Debug|ARM.Build.0 = Debug|Any CPU
		{A648036E-CE71-4E90-90EB-4963A77DD891}.Debug|ARM64.ActiveCfg = Debug|Any CPU
		{A648036E-CE71-4E90-90EB-4963A77DD891}.Debug|ARM64.Build.0 = Debug|Any CPU
		{A648036E-CE71-4E90-90EB-4963A77DD891}.Debug|x64.ActiveCfg = Debug|Any CPU
		{A648036E-CE71-4E90-90EB-4963A77DD891}.Debug|x64.Build.0 = Debug|Any CPU
		{A648036E-CE71-4E90-90EB-4963A77DD891}.Debug|x86.ActiveCfg = Debug|Any CPU
		{A648036E-CE71-4E90-90EB-4963A77DD891}.Debug|x86.Build.0 = Debug|Any CPU
		{A648036E-CE71-4E90-90EB-4963A77DD891}.Release|Any CPU.ActiveCfg = Release|Any CPU
		{A648036E-CE71-4E90-90EB-4963A77DD891}.Release|Any CPU.Build.0 = Release|Any CPU
		{A648036E-CE71-4E90-90EB-4963A77DD891}.Release|ARM.ActiveCfg = Release|Any CPU
		{A648036E-CE71-4E90-90EB-4963A77DD891}.Release|ARM.Build.0 = Release|Any CPU
		{A648036E-CE71-4E90-90EB-4963A77DD891}.Release|ARM64.ActiveCfg = Release|Any CPU
		{A648036E-CE71-4E90-90EB-4963A77DD891}.Release|ARM64.Build.0 = Release|Any CPU
		{A648036E-CE71-4E90-90EB-4963A77DD891}.Release|x64.ActiveCfg = Release|Any CPU
		{A648036E-CE71-4E90-90EB-4963A77DD891}.Release|x64.Build.0 = Release|Any CPU
		{A648036E-CE71-4E90-90EB-4963A77DD891}.Release|x86.ActiveCfg = Release|Any CPU
		{A648036E-CE71-4E90-90EB-4963A77DD891}.Release|x86.Build.0 = Release|Any CPU
		{2DB43179-D853-414A-8080-4CA87ECCBF6E}.Debug|Any CPU.ActiveCfg = Debug|x86
		{2DB43179-D853-414A-8080-4CA87ECCBF6E}.Debug|ARM.ActiveCfg = Debug|ARM
		{2DB43179-D853-414A-8080-4CA87ECCBF6E}.Debug|ARM.Build.0 = Debug|ARM
		{2DB43179-D853-414A-8080-4CA87ECCBF6E}.Debug|ARM.Deploy.0 = Debug|ARM
		{2DB43179-D853-414A-8080-4CA87ECCBF6E}.Debug|ARM64.ActiveCfg = Debug|ARM64
		{2DB43179-D853-414A-8080-4CA87ECCBF6E}.Debug|ARM64.Build.0 = Debug|ARM64
		{2DB43179-D853-414A-8080-4CA87ECCBF6E}.Debug|ARM64.Deploy.0 = Debug|ARM64
		{2DB43179-D853-414A-8080-4CA87ECCBF6E}.Debug|x64.ActiveCfg = Debug|x64
		{2DB43179-D853-414A-8080-4CA87ECCBF6E}.Debug|x64.Build.0 = Debug|x64
		{2DB43179-D853-414A-8080-4CA87ECCBF6E}.Debug|x64.Deploy.0 = Debug|x64
		{2DB43179-D853-414A-8080-4CA87ECCBF6E}.Debug|x86.ActiveCfg = Debug|x86
		{2DB43179-D853-414A-8080-4CA87ECCBF6E}.Debug|x86.Build.0 = Debug|x86
		{2DB43179-D853-414A-8080-4CA87ECCBF6E}.Debug|x86.Deploy.0 = Debug|x86
		{2DB43179-D853-414A-8080-4CA87ECCBF6E}.Release|Any CPU.ActiveCfg = Release|x86
		{2DB43179-D853-414A-8080-4CA87ECCBF6E}.Release|ARM.ActiveCfg = Release|ARM
		{2DB43179-D853-414A-8080-4CA87ECCBF6E}.Release|ARM.Build.0 = Release|ARM
		{2DB43179-D853-414A-8080-4CA87ECCBF6E}.Release|ARM.Deploy.0 = Release|ARM
		{2DB43179-D853-414A-8080-4CA87ECCBF6E}.Release|ARM64.ActiveCfg = Release|ARM64
		{2DB43179-D853-414A-8080-4CA87ECCBF6E}.Release|ARM64.Build.0 = Release|ARM64
		{2DB43179-D853-414A-8080-4CA87ECCBF6E}.Release|ARM64.Deploy.0 = Release|ARM64
		{2DB43179-D853-414A-8080-4CA87ECCBF6E}.Release|x64.ActiveCfg = Release|x64
		{2DB43179-D853-414A-8080-4CA87ECCBF6E}.Release|x64.Build.0 = Release|x64
		{2DB43179-D853-414A-8080-4CA87ECCBF6E}.Release|x64.Deploy.0 = Release|x64
		{2DB43179-D853-414A-8080-4CA87ECCBF6E}.Release|x86.ActiveCfg = Release|x86
		{2DB43179-D853-414A-8080-4CA87ECCBF6E}.Release|x86.Build.0 = Release|x86
		{2DB43179-D853-414A-8080-4CA87ECCBF6E}.Release|x86.Deploy.0 = Release|x86
		{D95869C2-F9E8-4FC5-B1D2-6D983B2D3912}.Debug|Any CPU.ActiveCfg = Debug|Any CPU
		{D95869C2-F9E8-4FC5-B1D2-6D983B2D3912}.Debug|Any CPU.Build.0 = Debug|Any CPU
		{D95869C2-F9E8-4FC5-B1D2-6D983B2D3912}.Debug|ARM.ActiveCfg = Debug|Any CPU
		{D95869C2-F9E8-4FC5-B1D2-6D983B2D3912}.Debug|ARM.Build.0 = Debug|Any CPU
		{D95869C2-F9E8-4FC5-B1D2-6D983B2D3912}.Debug|ARM64.ActiveCfg = Debug|Any CPU
		{D95869C2-F9E8-4FC5-B1D2-6D983B2D3912}.Debug|ARM64.Build.0 = Debug|Any CPU
		{D95869C2-F9E8-4FC5-B1D2-6D983B2D3912}.Debug|x64.ActiveCfg = Debug|Any CPU
		{D95869C2-F9E8-4FC5-B1D2-6D983B2D3912}.Debug|x64.Build.0 = Debug|Any CPU
		{D95869C2-F9E8-4FC5-B1D2-6D983B2D3912}.Debug|x86.ActiveCfg = Debug|Any CPU
		{D95869C2-F9E8-4FC5-B1D2-6D983B2D3912}.Debug|x86.Build.0 = Debug|Any CPU
		{D95869C2-F9E8-4FC5-B1D2-6D983B2D3912}.Release|Any CPU.ActiveCfg = Release|Any CPU
		{D95869C2-F9E8-4FC5-B1D2-6D983B2D3912}.Release|Any CPU.Build.0 = Release|Any CPU
		{D95869C2-F9E8-4FC5-B1D2-6D983B2D3912}.Release|ARM.ActiveCfg = Release|Any CPU
		{D95869C2-F9E8-4FC5-B1D2-6D983B2D3912}.Release|ARM.Build.0 = Release|Any CPU
		{D95869C2-F9E8-4FC5-B1D2-6D983B2D3912}.Release|ARM64.ActiveCfg = Release|Any CPU
		{D95869C2-F9E8-4FC5-B1D2-6D983B2D3912}.Release|ARM64.Build.0 = Release|Any CPU
		{D95869C2-F9E8-4FC5-B1D2-6D983B2D3912}.Release|x64.ActiveCfg = Release|Any CPU
		{D95869C2-F9E8-4FC5-B1D2-6D983B2D3912}.Release|x64.Build.0 = Release|Any CPU
		{D95869C2-F9E8-4FC5-B1D2-6D983B2D3912}.Release|x86.ActiveCfg = Release|Any CPU
		{D95869C2-F9E8-4FC5-B1D2-6D983B2D3912}.Release|x86.Build.0 = Release|Any CPU
		{AF48BA6E-1A8F-4B9D-B35B-91BD477E54DE}.Debug|Any CPU.ActiveCfg = Debug|Any CPU
		{AF48BA6E-1A8F-4B9D-B35B-91BD477E54DE}.Debug|Any CPU.Build.0 = Debug|Any CPU
		{AF48BA6E-1A8F-4B9D-B35B-91BD477E54DE}.Debug|ARM.ActiveCfg = Debug|Any CPU
		{AF48BA6E-1A8F-4B9D-B35B-91BD477E54DE}.Debug|ARM.Build.0 = Debug|Any CPU
		{AF48BA6E-1A8F-4B9D-B35B-91BD477E54DE}.Debug|ARM64.ActiveCfg = Debug|Any CPU
		{AF48BA6E-1A8F-4B9D-B35B-91BD477E54DE}.Debug|ARM64.Build.0 = Debug|Any CPU
		{AF48BA6E-1A8F-4B9D-B35B-91BD477E54DE}.Debug|x64.ActiveCfg = Debug|Any CPU
		{AF48BA6E-1A8F-4B9D-B35B-91BD477E54DE}.Debug|x64.Build.0 = Debug|Any CPU
		{AF48BA6E-1A8F-4B9D-B35B-91BD477E54DE}.Debug|x86.ActiveCfg = Debug|Any CPU
		{AF48BA6E-1A8F-4B9D-B35B-91BD477E54DE}.Debug|x86.Build.0 = Debug|Any CPU
		{AF48BA6E-1A8F-4B9D-B35B-91BD477E54DE}.Release|Any CPU.ActiveCfg = Release|Any CPU
		{AF48BA6E-1A8F-4B9D-B35B-91BD477E54DE}.Release|Any CPU.Build.0 = Release|Any CPU
		{AF48BA6E-1A8F-4B9D-B35B-91BD477E54DE}.Release|ARM.ActiveCfg = Release|Any CPU
		{AF48BA6E-1A8F-4B9D-B35B-91BD477E54DE}.Release|ARM.Build.0 = Release|Any CPU
		{AF48BA6E-1A8F-4B9D-B35B-91BD477E54DE}.Release|ARM64.ActiveCfg = Release|Any CPU
		{AF48BA6E-1A8F-4B9D-B35B-91BD477E54DE}.Release|ARM64.Build.0 = Release|Any CPU
		{AF48BA6E-1A8F-4B9D-B35B-91BD477E54DE}.Release|x64.ActiveCfg = Release|Any CPU
		{AF48BA6E-1A8F-4B9D-B35B-91BD477E54DE}.Release|x64.Build.0 = Release|Any CPU
		{AF48BA6E-1A8F-4B9D-B35B-91BD477E54DE}.Release|x86.ActiveCfg = Release|Any CPU
		{AF48BA6E-1A8F-4B9D-B35B-91BD477E54DE}.Release|x86.Build.0 = Release|Any CPU
		{048BB8D9-5A28-4573-920C-2C5F463CE913}.Debug|Any CPU.ActiveCfg = Debug|Any CPU
		{048BB8D9-5A28-4573-920C-2C5F463CE913}.Debug|Any CPU.Build.0 = Debug|Any CPU
		{048BB8D9-5A28-4573-920C-2C5F463CE913}.Debug|ARM.ActiveCfg = Debug|Any CPU
		{048BB8D9-5A28-4573-920C-2C5F463CE913}.Debug|ARM.Build.0 = Debug|Any CPU
		{048BB8D9-5A28-4573-920C-2C5F463CE913}.Debug|ARM64.ActiveCfg = Debug|Any CPU
		{048BB8D9-5A28-4573-920C-2C5F463CE913}.Debug|ARM64.Build.0 = Debug|Any CPU
		{048BB8D9-5A28-4573-920C-2C5F463CE913}.Debug|x64.ActiveCfg = Debug|Any CPU
		{048BB8D9-5A28-4573-920C-2C5F463CE913}.Debug|x64.Build.0 = Debug|Any CPU
		{048BB8D9-5A28-4573-920C-2C5F463CE913}.Debug|x86.ActiveCfg = Debug|Any CPU
		{048BB8D9-5A28-4573-920C-2C5F463CE913}.Debug|x86.Build.0 = Debug|Any CPU
		{048BB8D9-5A28-4573-920C-2C5F463CE913}.Release|Any CPU.ActiveCfg = Release|Any CPU
		{048BB8D9-5A28-4573-920C-2C5F463CE913}.Release|Any CPU.Build.0 = Release|Any CPU
		{048BB8D9-5A28-4573-920C-2C5F463CE913}.Release|ARM.ActiveCfg = Release|Any CPU
		{048BB8D9-5A28-4573-920C-2C5F463CE913}.Release|ARM.Build.0 = Release|Any CPU
		{048BB8D9-5A28-4573-920C-2C5F463CE913}.Release|ARM64.ActiveCfg = Release|Any CPU
		{048BB8D9-5A28-4573-920C-2C5F463CE913}.Release|ARM64.Build.0 = Release|Any CPU
		{048BB8D9-5A28-4573-920C-2C5F463CE913}.Release|x64.ActiveCfg = Release|Any CPU
		{048BB8D9-5A28-4573-920C-2C5F463CE913}.Release|x64.Build.0 = Release|Any CPU
		{048BB8D9-5A28-4573-920C-2C5F463CE913}.Release|x86.ActiveCfg = Release|Any CPU
		{048BB8D9-5A28-4573-920C-2C5F463CE913}.Release|x86.Build.0 = Release|Any CPU
		{371B1A70-3DE5-417B-8746-5C1EEEAA4392}.Debug|Any CPU.ActiveCfg = Debug|Any CPU
		{371B1A70-3DE5-417B-8746-5C1EEEAA4392}.Debug|Any CPU.Build.0 = Debug|Any CPU
		{371B1A70-3DE5-417B-8746-5C1EEEAA4392}.Debug|ARM.ActiveCfg = Debug|Any CPU
		{371B1A70-3DE5-417B-8746-5C1EEEAA4392}.Debug|ARM.Build.0 = Debug|Any CPU
		{371B1A70-3DE5-417B-8746-5C1EEEAA4392}.Debug|ARM64.ActiveCfg = Debug|Any CPU
		{371B1A70-3DE5-417B-8746-5C1EEEAA4392}.Debug|ARM64.Build.0 = Debug|Any CPU
		{371B1A70-3DE5-417B-8746-5C1EEEAA4392}.Debug|x64.ActiveCfg = Debug|Any CPU
		{371B1A70-3DE5-417B-8746-5C1EEEAA4392}.Debug|x64.Build.0 = Debug|Any CPU
		{371B1A70-3DE5-417B-8746-5C1EEEAA4392}.Debug|x86.ActiveCfg = Debug|Any CPU
		{371B1A70-3DE5-417B-8746-5C1EEEAA4392}.Debug|x86.Build.0 = Debug|Any CPU
		{371B1A70-3DE5-417B-8746-5C1EEEAA4392}.Release|Any CPU.ActiveCfg = Release|Any CPU
		{371B1A70-3DE5-417B-8746-5C1EEEAA4392}.Release|Any CPU.Build.0 = Release|Any CPU
		{371B1A70-3DE5-417B-8746-5C1EEEAA4392}.Release|ARM.ActiveCfg = Release|Any CPU
		{371B1A70-3DE5-417B-8746-5C1EEEAA4392}.Release|ARM.Build.0 = Release|Any CPU
		{371B1A70-3DE5-417B-8746-5C1EEEAA4392}.Release|ARM64.ActiveCfg = Release|Any CPU
		{371B1A70-3DE5-417B-8746-5C1EEEAA4392}.Release|ARM64.Build.0 = Release|Any CPU
		{371B1A70-3DE5-417B-8746-5C1EEEAA4392}.Release|x64.ActiveCfg = Release|Any CPU
		{371B1A70-3DE5-417B-8746-5C1EEEAA4392}.Release|x64.Build.0 = Release|Any CPU
		{371B1A70-3DE5-417B-8746-5C1EEEAA4392}.Release|x86.ActiveCfg = Release|Any CPU
		{371B1A70-3DE5-417B-8746-5C1EEEAA4392}.Release|x86.Build.0 = Release|Any CPU
		{770AA162-E2AC-44C1-B7D9-8354F877FF1F}.Debug|Any CPU.ActiveCfg = Debug|Any CPU
		{770AA162-E2AC-44C1-B7D9-8354F877FF1F}.Debug|Any CPU.Build.0 = Debug|Any CPU
		{770AA162-E2AC-44C1-B7D9-8354F877FF1F}.Debug|ARM.ActiveCfg = Debug|Any CPU
		{770AA162-E2AC-44C1-B7D9-8354F877FF1F}.Debug|ARM.Build.0 = Debug|Any CPU
		{770AA162-E2AC-44C1-B7D9-8354F877FF1F}.Debug|ARM64.ActiveCfg = Debug|Any CPU
		{770AA162-E2AC-44C1-B7D9-8354F877FF1F}.Debug|ARM64.Build.0 = Debug|Any CPU
		{770AA162-E2AC-44C1-B7D9-8354F877FF1F}.Debug|x64.ActiveCfg = Debug|Any CPU
		{770AA162-E2AC-44C1-B7D9-8354F877FF1F}.Debug|x64.Build.0 = Debug|Any CPU
		{770AA162-E2AC-44C1-B7D9-8354F877FF1F}.Debug|x86.ActiveCfg = Debug|Any CPU
		{770AA162-E2AC-44C1-B7D9-8354F877FF1F}.Debug|x86.Build.0 = Debug|Any CPU
		{770AA162-E2AC-44C1-B7D9-8354F877FF1F}.Release|Any CPU.ActiveCfg = Release|Any CPU
		{770AA162-E2AC-44C1-B7D9-8354F877FF1F}.Release|Any CPU.Build.0 = Release|Any CPU
		{770AA162-E2AC-44C1-B7D9-8354F877FF1F}.Release|ARM.ActiveCfg = Release|Any CPU
		{770AA162-E2AC-44C1-B7D9-8354F877FF1F}.Release|ARM.Build.0 = Release|Any CPU
		{770AA162-E2AC-44C1-B7D9-8354F877FF1F}.Release|ARM64.ActiveCfg = Release|Any CPU
		{770AA162-E2AC-44C1-B7D9-8354F877FF1F}.Release|ARM64.Build.0 = Release|Any CPU
		{770AA162-E2AC-44C1-B7D9-8354F877FF1F}.Release|x64.ActiveCfg = Release|Any CPU
		{770AA162-E2AC-44C1-B7D9-8354F877FF1F}.Release|x64.Build.0 = Release|Any CPU
		{770AA162-E2AC-44C1-B7D9-8354F877FF1F}.Release|x86.ActiveCfg = Release|Any CPU
		{770AA162-E2AC-44C1-B7D9-8354F877FF1F}.Release|x86.Build.0 = Release|Any CPU
	EndGlobalSection
	GlobalSection(SolutionProperties) = preSolution
		HideSolutionNode = FALSE
	EndGlobalSection
	GlobalSection(NestedProjects) = preSolution
		{1A1EBB20-DB55-4D25-8F8D-5B16971E055B} = {E3F8B72C-A349-46D2-B225-29168BAC2D77}
		{A648036E-CE71-4E90-90EB-4963A77DD891} = {E3F8B72C-A349-46D2-B225-29168BAC2D77}
		{2DB43179-D853-414A-8080-4CA87ECCBF6E} = {E3F8B72C-A349-46D2-B225-29168BAC2D77}
		{D95869C2-F9E8-4FC5-B1D2-6D983B2D3912} = {E3F8B72C-A349-46D2-B225-29168BAC2D77}
		{AF48BA6E-1A8F-4B9D-B35B-91BD477E54DE} = {E3F8B72C-A349-46D2-B225-29168BAC2D77}
		{048BB8D9-5A28-4573-920C-2C5F463CE913} = {E3F8B72C-A349-46D2-B225-29168BAC2D77}
		{371B1A70-3DE5-417B-8746-5C1EEEAA4392} = {E3F8B72C-A349-46D2-B225-29168BAC2D77}
		{770AA162-E2AC-44C1-B7D9-8354F877FF1F} = {EF46684B-BF74-4883-8901-86D8660E9BF9}
	EndGlobalSection
	GlobalSection(ExtensibilityGlobals) = postSolution
		SolutionGuid = {18BF00C7-650D-4042-BF28-7A8E56C5BF4A}
	EndGlobalSection
EndGlobal
